{
  "name": "sunj-test",
  "version": "1.0.0",
  "lockfileVersion": 2,
  "requires": true,
  "packages": {
    "": {
      "name": "sunj-test",
      "version": "1.0.0",
      "license": "ISC",
      "bin": {
        "sj-test": "bin/index.js"
      }
    },
    "../sjTestLib": {
      "name": "sjtestlib",
      "version": "1.0.0",
      "extraneous": true,
      "license": "ISC"
    }
  }
}
